
Microsoft Visual Studio Solution File, Format Version 12.00
# Visual Studio 2013
VisualStudioVersion = 12.0.21005.1
MinimumVisualStudioVersion = 10.0.40219.1
Project("{FAE04EC0-301F-11D3-BF4B-00C04F79EFBC}") = "Task1.Book", "Task1.Book\Task1.Book.csproj", "{8873DBDB-0C97-4F79-A415-F610291659C7}"
EndProject
Project("{FAE04EC0-301F-11D3-BF4B-00C04F79EFBC}") = "Task1.Book.Test", "Task1.Book.Test\Task1.Book.Test.csproj", "{EFAB9824-FCA3-4D40-B1FC-FE4F81C75BB3}"
EndProject
Global
	GlobalSection(SolutionConfigurationPlatforms) = preSolution
		Debug|Any CPU = Debug|Any CPU
		Release|Any CPU = Release|Any CPU
	EndGlobalSection
	GlobalSection(ProjectConfigurationPlatforms) = postSolution
		{8873DBDB-0C97-4F79-A415-F610291659C7}.Debug|Any CPU.ActiveCfg = Debug|Any CPU
		{8873DBDB-0C97-4F79-A415-F610291659C7}.Debug|Any CPU.Build.0 = Debug|Any CPU
		{8873DBDB-0C97-4F79-A415-F610291659C7}.Release|Any CPU.ActiveCfg = Release|Any CPU
		{8873DBDB-0C97-4F79-A415-F610291659C7}.Release|Any CPU.Build.0 = Release|Any CPU
		{EFAB9824-FCA3-4D40-B1FC-FE4F81C75BB3}.Debug|Any CPU.ActiveCfg = Debug|Any CPU
		{EFAB9824-FCA3-4D40-B1FC-FE4F81C75BB3}.Debug|Any CPU.Build.0 = Debug|Any CPU
		{EFAB9824-FCA3-4D40-B1FC-FE4F81C75BB3}.Release|Any CPU.ActiveCfg = Release|Any CPU
		{EFAB9824-FCA3-4D40-B1FC-FE4F81C75BB3}.Release|Any CPU.Build.0 = Release|Any CPU
	EndGlobalSection
	GlobalSection(SolutionProperties) = preSolution
		HideSolutionNode = FALSE
	EndGlobalSection
EndGlobal
